// !$*UTF8*$!
{
	archiveVersion = 1;
	classes = {
	};
	objectVersion = 48;
	objects = {

/* Begin PBXBuildFile section */
		A2493DB520019A1E0086CE82 /* AppDelegate.swift in Sources */ = {isa = PBXBuildFile; fileRef = A2493DB420019A1E0086CE82 /* AppDelegate.swift */; };
		A2493DB720019A1E0086CE82 /* ViewController.swift in Sources */ = {isa = PBXBuildFile; fileRef = A2493DB620019A1E0086CE82 /* ViewController.swift */; };
		A2493DBA20019A1E0086CE82 /* Main.storyboard in Resources */ = {isa = PBXBuildFile; fileRef = A2493DB820019A1E0086CE82 /* Main.storyboard */; };
		A2493DBC20019A1E0086CE82 /* Assets.xcassets in Resources */ = {isa = PBXBuildFile; fileRef = A2493DBB20019A1E0086CE82 /* Assets.xcassets */; };
		A2493DBF20019A1E0086CE82 /* LaunchScreen.storyboard in Resources */ = {isa = PBXBuildFile; fileRef = A2493DBD20019A1E0086CE82 /* LaunchScreen.storyboard */; };
		A2493DC72001A33B0086CE82 /* MyTodo.swift in Sources */ = {isa = PBXBuildFile; fileRef = A2493DC62001A33B0086CE82 /* MyTodo.swift */; };
/* End PBXBuildFile section */

/* Begin PBXFileReference section */
		A2493DB120019A1E0086CE82 /* DarmasoTodoList.app */ = {isa = PBXFileReference; explicitFileType = wrapper.application; includeInIndex = 0; path = DarmasoTodoList.app; sourceTree = BUILT_PRODUCTS_DIR; };
		A2493DB420019A1E0086CE82 /* AppDelegate.swift */ = {isa = PBXFileReference; lastKnownFileType = sourcecode.swift; path = AppDelegate.swift; sourceTree = "<group>"; };
		A2493DB620019A1E0086CE82 /* ViewController.swift */ = {isa = PBXFileReference; lastKnownFileType = sourcecode.swift; path = ViewController.swift; sourceTree = "<group>"; };
		A2493DB920019A1E0086CE82 /* Base */ = {isa = PBXFileReference; lastKnownFileType = file.storyboard; name = Base; path = Base.lproj/Main.storyboard; sourceTree = "<group>"; };
		A2493DBB20019A1E0086CE82 /* Assets.xcassets */ = {isa = PBXFileReference; lastKnownFileType = folder.assetcatalog; path = Assets.xcassets; sourceTree = "<group>"; };
		A2493DBE20019A1E0086CE82 /* Base */ = {isa = PBXFileReference; lastKnownFileType = file.storyboard; name = Base; path = Base.lproj/LaunchScreen.storyboard; sourceTree = "<group>"; };
		A2493DC020019A1E0086CE82 /* Info.plist */ = {isa = PBXFileReference; lastKnownFileType = text.plist.xml; path = Info.plist; sourceTree = "<group>"; };
		A2493DC62001A33B0086CE82 /* MyTodo.swift */ = {isa = PBXFileReference; lastKnownFileType = sourcecode.swift; path = MyTodo.swift; sourceTree = "<group>"; };
/* End PBXFileReference section */

/* Begin PBXFrameworksBuildPhase section */
		A2493DAE20019A1E0086CE82 /* Frameworks */ = {
			isa = PBXFrameworksBuildPhase;
			buildActionMask = 2147483647;
			files = (
			);
			runOnlyForDeploymentPostprocessing = 0;
		};
/* End PBXFrameworksBuildPhase section */

/* Begin PBXGroup section */
		A2493DA820019A1E0086CE82 = {
			isa = PBXGroup;
			children = (
				A2493DB320019A1E0086CE82 /* DarmasoTodoList */,
				A2493DB220019A1E0086CE82 /* Products */,
			);
			sourceTree = "<group>";
		};
		A2493DB220019A1E0086CE82 /* Products */ = {
			isa = PBXGroup;
			children = (
				A2493DB120019A1E0086CE82 /* DarmasoTodoList.app */,
			);
			name = Products;
			sourceTree = "<group>";
		};
		A2493DB320019A1E0086CE82 /* DarmasoTodoList */ = {
			isa = PBXGroup;
			children = (
				A2493DB420019A1E0086CE82 /* AppDelegate.swift */,
				A2493DB620019A1E0086CE82 /* ViewController.swift */,
				A2493DC62001A33B0086CE82 /* MyTodo.swift */,
				A2493DB820019A1E0086CE82 /* Main.storyboard */,
				A2493DBB20019A1E0086CE82 /* Assets.xcassets */,
				A2493DBD20019A1E0086CE82 /* LaunchScreen.storyboard */,
				A2493DC020019A1E0086CE82 /* Info.plist */,
			);
			path = DarmasoTodoList;
			sourceTree = "<group>";
		};
/* End PBXGroup section */

/* Begin PBXNativeTarget section */
		A2493DB020019A1E0086CE82 /* DarmasoTodoList */ = {
			isa = PBXNativeTarget;
			buildConfigurationList = A2493DC320019A1E0086CE82 /* Build configuration list for PBXNativeTarget "DarmasoTodoList" */;
			buildPhases = (
				A2493DAD20019A1E0086CE82 /* Sources */,
				A2493DAE20019A1E0086CE82 /* Frameworks */,
				A2493DAF20019A1E0086CE82 /* Resources */,
			);
			buildRules = (
			);
			dependencies = (
			);
			name = DarmasoTodoList;
			productName = DarmasoTodoList;
			productReference = A2493DB120019A1E0086CE82 /* DarmasoTodoList.app */;
			productType = "com.apple.product-type.application";
		};
/* End PBXNativeTarget section */

/* Begin PBXProject section */
		A2493DA920019A1E0086CE82 /* Project object */ = {
			isa = PBXProject;
			attributes = {
				LastSwiftUpdateCheck = 0920;
				LastUpgradeCheck = 0920;
				ORGANIZATIONNAME = "Yuki Matsuda";
				TargetAttributes = {
					A2493DB020019A1E0086CE82 = {
						CreatedOnToolsVersion = 9.2;
						ProvisioningStyle = Automatic;
					};
				};
			};
			buildConfigurationList = A2493DAC20019A1E0086CE82 /* Build configuration list for PBXProject "DarmasoTodoList" */;
			compatibilityVersion = "Xcode 8.0";
			developmentRegion = en;
			hasScannedForEncodings = 0;
			knownRegions = (
				en,
				Base,
			);
			mainGroup = A2493DA820019A1E0086CE82;
			productRefGroup = A2493DB220019A1E0086CE82 /* Products */;
			projectDirPath = "";
			projectRoot = "";
			targets = (
				A2493DB020019A1E0086CE82 /* DarmasoTodoList */,
			);
		};
/* End PBXProject section */

/* Begin PBXResourcesBuildPhase section */
		A2493DAF20019A1E0086CE82 /* Resources */ = {
			isa = PBXResourcesBuildPhase;
			buildActionMask = 2147483647;
			files = (
				A2493DBF20019A1E0086CE82 /* LaunchScreen.storyboard in Resources */,
				A2493DBC20019A1E0086CE82 /* Assets.xcassets in Resources */,
				A2493DBA20019A1E0086CE82 /* Main.storyboard in Resources */,
			);
			runOnlyForDeploymentPostprocessing = 0;
		};
/* End PBXResourcesBuildPhase section */

/* Begin PBXSourcesBuildPhase section */
		A2493DAD20019A1E0086CE82 /* Sources */ = {
			isa = PBXSourcesBuildPhase;
			buildActionMask = 2147483647;
			files = (
				A2493DB720019A1E0086CE82 /* ViewController.swift in Sources */,
				A2493DC72001A33B0086CE82 /* MyTodo.swift in Sources */,
				A2493DB520019A1E0086CE82 /* AppDelegate.swift in Sources */,
			);
			runOnlyForDeploymentPostprocessing = 0;
		};
/* End PBXSourcesBuildPhase section */

/* Begin PBXVariantGroup section */
		A2493DB820019A1E0086CE82 /* Main.storyboard */ = {
			isa = PBXVariantGroup;
			children = (
				A2493DB920019A1E0086CE82 /* Base */,
			);
			name = Main.storyboard;
			sourceTree = "<group>";
		};
		A2493DBD20019A1E0086CE82 /* LaunchScreen.storyboard */ = {
			isa = PBXVariantGroup;
			children = (
				A2493DBE20019A1E0086CE82 /* Base */,
			);
			name = LaunchScreen.storyboard;
			sourceTree = "<group>";
		};
/* End PBXVariantGroup section */

/* Begin XCBuildConfiguration section */
		A2493DC120019A1E0086CE82 /* Debug */ = {
			isa = XCBuildConfiguration;
			buildSettings = {
				ALWAYS_SEARCH_USER_PATHS = NO;
				CLANG_ANALYZER_NONNULL = YES;
				CLANG_ANALYZER_NUMBER_OBJECT_CONVERSION = YES_AGGRESSIVE;
				CLANG_CXX_LANGUAGE_STANDARD = "gnu++14";
				CLANG_CXX_LIBRARY = "libc++";
				CLANG_ENABLE_MODULES = YES;
				CLANG_ENABLE_OBJC_ARC = YES;
				CLANG_WARN_BLOCK_CAPTURE_AUTORELEASING = YES;
				CLANG_WARN_BOOL_CONVERSION = YES;
				CLANG_WARN_COMMA = YES;
				CLANG_WARN_CONSTANT_CONVERSION = YES;
				CLANG_WARN_DIRECT_OBJC_ISA_USAGE = YES_ERROR;
				CLANG_WARN_DOCUMENTATION_COMMENTS = YES;
				CLANG_WARN_EMPTY_BODY = YES;
				CLANG_WARN_ENUM_CONVERSION = YES;
				CLANG_WARN_INFINITE_RECURSION = YES;
				CLANG_WARN_INT_CONVERSION = YES;
				CLANG_WARN_NON_LITERAL_NULL_CONVERSION = YES;
				CLANG_WARN_OBJC_LITERAL_CONVERSION = YES;
				CLANG_WARN_OBJC_ROOT_CLASS = YES_ERROR;
				CLANG_WARN_RANGE_LOOP_ANALYSIS = YES;
				CLANG_WARN_STRICT_PROTOTYPES = YES;
				CLANG_WARN_SUSPICIOUS_MOVE = YES;
				CLANG_WARN_UNGUARDED_AVAILABILITY = YES_AGGRESSIVE;
				CLANG_WARN_UNREACHABLE_CODE = YES;
				CLANG_WARN__DUPLICATE_METHOD_MATCH = YES;
				CODE_SIGN_IDENTITY = "iPhone Developer";
				COPY_PHASE_STRIP = NO;
				DEBUG_INFORMATION_FORMAT = dwarf;
				ENABLE_STRICT_OBJC_MSGSEND = YES;
				ENABLE_TESTABILITY = YES;
				GCC_C_LANGUAGE_STANDARD = gnu11;
				GCC_DYNAMIC_NO_PIC = NO;
				GCC_NO_COMMON_BLOCKS = YES;
				GCC_OPTIMIZATION_LEVEL = 0;
				GCC_PREPROCESSOR_DEFINITIONS = (
					"DEBUG=1",
					"$(inherited)",
				);
				GCC_WARN_64_TO_32_BIT_CONVERSION = YES;
				GCC_WARN_ABOUT_RETURN_TYPE = YES_ERROR;
				GCC_WARN_UNDECLARED_SELECTOR = YES;
				GCC_WARN_UNINITIALIZED_AUTOS = YES_AGGRESSIVE;
				GCC_WARN_UNUSED_FUNCTION = YES;
				GCC_WARN_UNUSED_VARIABLE = YES;
				IPHONEOS_DEPLOYMENT_TARGET = 11.2;
				MTL_ENABLE_DEBUG_INFO = YES;
				ONLY_ACTIVE_ARCH = YES;
				SDKROOT = iphoneos;
				SWIFT_ACTIVE_COMPILATION_CONDITIONS = DEBUG;
				SWIFT_OPTIMIZATION_LEVEL = "-Onone";
			};
			name = Debug;
		};
		A2493DC220019A1E0086CE82 /* Release */ = {
			isa = XCBuildConfiguration;
			buildSettings = {
				ALWAYS_SEARCH_USER_PATHS = NO;
				CLANG_ANALYZER_NONNULL = YES;
				CLANG_ANALYZER_NUMBER_OBJECT_CONVERSION = YES_AGGRESSIVE;
				CLANG_CXX_LANGUAGE_STANDARD = "gnu++14";
				CLANG_CXX_LIBRARY = "libc++";
				CLANG_ENABLE_MODULES = YES;
				CLANG_ENABLE_OBJC_ARC = YES;
				CLANG_WARN_BLOCK_CAPTURE_AUTORELEASING = YES;
				CLANG_WARN_BOOL_CONVERSION = YES;
				CLANG_WARN_COMMA = YES;
				CLANG_WARN_CONSTANT_CONVERSION = YES;
				CLANG_WARN_DIRECT_OBJC_ISA_USAGE = YES_ERROR;
				CLANG_WARN_DOCUMENTATION_COMMENTS = YES;
				CLANG_WARN_EMPTY_BODY = YES;
				CLANG_WARN_ENUM_CONVERSION = YES;
				CLANG_WARN_INFINITE_RECURSION = YES;
				CLANG_WARN_INT_CONVERSION = YES;
				CLANG_WARN_NON_LITERAL_NULL_CONVERSION = YES;
				CLANG_WARN_OBJC_LITERAL_CONVERSION = YES;
				CLANG_WARN_OBJC_ROOT_CLASS = YES_ERROR;
				CLANG_WARN_RANGE_LOOP_ANALYSIS = YES;
				CLANG_WARN_STRICT_PROTOTYPES = YES;
				CLANG_WARN_SUSPICIOUS_MOVE = YES;
				CLANG_WARN_UNGUARDED_AVAILABILITY = YES_AGGRESSIVE;
				CLANG_WARN_UNREACHABLE_CODE = YES;
				CLANG_WARN__DUPLICATE_METHOD_MATCH = YES;
				CODE_SIGN_IDENTITY = "iPhone Developer";
				COPY_PHASE_STRIP = NO;
				DEBUG_INFORMATION_FORMAT = "dwarf-with-dsym";
				ENABLE_NS_ASSERTIONS = NO;
				ENABLE_STRICT_OBJC_MSGSEND = YES;
				GCC_C_LANGUAGE_STANDARD = gnu11;
				GCC_NO_COMMON_BLOCKS = YES;
				GCC_WARN_64_TO_32_BIT_CONVERSION = YES;
				GCC_WARN_ABOUT_RETURN_TYPE = YES_ERROR;
				GCC_WARN_UNDECLARED_SELECTOR = YES;
				GCC_WARN_UNINITIALIZED_AUTOS = YES_AGGRESSIVE;
				GCC_WARN_UNUSED_FUNCTION = YES;
				GCC_WARN_UNUSED_VARIABLE = YES;
				IPHONEOS_DEPLOYMENT_TARGET = 11.2;
				MTL_ENABLE_DEBUG_INFO = NO;
				SDKROOT = iphoneos;
				SWIFT_OPTIMIZATION_LEVEL = "-Owholemodule";
				VALIDATE_PRODUCT = YES;
			};
			name = Release;
		};
		A2493DC420019A1E0086CE82 /* Debug */ = {
			isa = XCBuildConfiguration;
			buildSettings = {
				ASSETCATALOG_COMPILER_APPICON_NAME = AppIcon;
				CODE_SIGN_STYLE = Automatic;
				DEVELOPMENT_TEAM = YQ4892FB8D;
				INFOPLIST_FILE = DarmasoTodoList/Info.plist;
				LD_RUNPATH_SEARCH_PATHS = "$(inherited) @executable_path/Frameworks";
				PRODUCT_BUNDLE_IDENTIFIER = com.darmaso.DarmasoTodoList;
				PRODUCT_NAME = "$(TARGET_NAME)";
				SWIFT_VERSION = 4.0;
				TARGETED_DEVICE_FAMILY = "1,2";
			};
			name = Debug;
		};
		A2493DC520019A1E0086CE82 /* Release */ = {
			isa = XCBuildConfiguration;
			buildSettings = {
				ASSETCATALOG_COMPILER_APPICON_NAME = AppIcon;
				CODE_SIGN_STYLE = Automatic;
				DEVELOPMENT_TEAM = YQ4892FB8D;
				INFOPLIST_FILE = DarmasoTodoList/Info.plist;
				LD_RUNPATH_SEARCH_PATHS = "$(inherited) @executable_path/Frameworks";
				PRODUCT_BUNDLE_IDENTIFIER = com.darmaso.DarmasoTodoList;
				PRODUCT_NAME = "$(TARGET_NAME)";
				SWIFT_VERSION = 4.0;
				TARGETED_DEVICE_FAMILY = "1,2";
			};
			name = Release;
		};
/* End XCBuildConfiguration section */

/* Begin XCConfigurationList section */
		A2493DAC20019A1E0086CE82 /* Build configuration list for PBXProject "DarmasoTodoList" */ = {
			isa = XCConfigurationList;
			buildConfigurations = (
				A2493DC120019A1E0086CE82 /* Debug */,
				A2493DC220019A1E0086CE82 /* Release */,
			);
			defaultConfigurationIsVisible = 0;
			defaultConfigurationName = Release;
		};
		A2493DC320019A1E0086CE82 /* Build configuration list for PBXNativeTarget "DarmasoTodoList" */ = {
			isa = XCConfigurationList;
			buildConfigurations = (
				A2493DC420019A1E0086CE82 /* Debug */,
				A2493DC520019A1E0086CE82 /* Release */,
			);
			defaultConfigurationIsVisible = 0;
			defaultConfigurationName = Release;
		};
/* End XCConfigurationList section */
	};
	rootObject = A2493DA920019A1E0086CE82 /* Project object */;
}
